Microsoft Visual Studio Solution File, Format Version 11.00
# Visual Studio 2010
Project("{FAE04EC0-301F-11D3-BF4B-00C04F79EFBC}") = "Assembly-CSharp", "Assembly-CSharp.csproj", "{BB18BABC-8EAE-4390-B437-21ABFC446BA2}"
EndProject
Project("{FAE04EC0-301F-11D3-BF4B-00C04F79EFBC}") = "Assembly-CSharp-Editor", "Assembly-CSharp-Editor.csproj", "{94F9C5C7-2103-51C6-9D17-BD2F23346058}"
EndProject
Global
	GlobalSection(SolutionConfigurationPlatforms) = preSolution
		Debug|Any CPU = Debug|Any CPU
		Release|Any CPU = Release|Any CPU
	EndGlobalSection
	GlobalSection(ProjectConfigurationPlatforms) = postSolution
		{BB18BABC-8EAE-4390-B437-21ABFC446BA2}.Debug|Any CPU.ActiveCfg = Debug|Any CPU
		{BB18BABC-8EAE-4390-B437-21ABFC446BA2}.Debug|Any CPU.Build.0 = Debug|Any CPU
		{BB18BABC-8EAE-4390-B437-21ABFC446BA2}.Release|Any CPU.ActiveCfg = Release|Any CPU
		{BB18BABC-8EAE-4390-B437-21ABFC446BA2}.Release|Any CPU.Build.0 = Release|Any CPU
		{94F9C5C7-2103-51C6-9D17-BD2F23346058}.Debug|Any CPU.ActiveCfg = Debug|Any CPU
		{94F9C5C7-2103-51C6-9D17-BD2F23346058}.Debug|Any CPU.Build.0 = Debug|Any CPU
		{94F9C5C7-2103-51C6-9D17-BD2F23346058}.Release|Any CPU.ActiveCfg = Release|Any CPU
		{94F9C5C7-2103-51C6-9D17-BD2F23346058}.Release|Any CPU.Build.0 = Release|Any CPU
	EndGlobalSection
	GlobalSection(SolutionProperties) = preSolution
		HideSolutionNode = FALSE
	EndGlobalSection
	GlobalSection(MonoDevelopProperties) = preSolution
		StartupItem = Assembly-CSharp.csproj
	EndGlobalSection
EndGlobal
